
Microsoft Visual Studio Solution File, Format Version 12.00
# Visual Studio 15
VisualStudioVersion = 15.0.28307.572
MinimumVisualStudioVersion = 10.0.40219.1
Project("{FAE04EC0-301F-11D3-BF4B-00C04F79EFBC}") = "test_Kalitin_Rostislav", "test_Kalitin_Rostislav\test_Kalitin_Rostislav.csproj", "{7CA3B6ED-42D4-4500-B94D-E94F8829363A}"
EndProject
Global
	GlobalSection(SolutionConfigurationPlatforms) = preSolution
		Debug|Any CPU = Debug|Any CPU
		Release|Any CPU = Release|Any CPU
	EndGlobalSection
	GlobalSection(ProjectConfigurationPlatforms) = postSolution
		{7CA3B6ED-42D4-4500-B94D-E94F8829363A}.Debug|Any CPU.ActiveCfg = Debug|Any CPU
		{7CA3B6ED-42D4-4500-B94D-E94F8829363A}.Debug|Any CPU.Build.0 = Debug|Any CPU
		{7CA3B6ED-42D4-4500-B94D-E94F8829363A}.Release|Any CPU.ActiveCfg = Release|Any CPU
		{7CA3B6ED-42D4-4500-B94D-E94F8829363A}.Release|Any CPU.Build.0 = Release|Any CPU
	EndGlobalSection
	GlobalSection(SolutionProperties) = preSolution
		HideSolutionNode = FALSE
	EndGlobalSection
	GlobalSection(ExtensibilityGlobals) = postSolution
		SolutionGuid = {5E356160-01CC-49C5-92DC-F786EC35ECF4}
	EndGlobalSection
EndGlobal
